PODS:
  - AppLovinSDK (11.0.0)
  - Flutter (1.0.0)
  - flutter_applovin_max (0.1.0):
    - AppLovinSDK
    - Flutter

DEPENDENCIES:
  - Flutter (from `Flutter`)
  - flutter_applovin_max (from `.symlinks/plugins/flutter_applovin_max/ios`)

SPEC REPOS:
  trunk:
    - AppLovinSDK

EXTERNAL SOURCES:
  Flutter:
    :path: Flutter
  flutter_applovin_max:
    :path: ".symlinks/plugins/flutter_applovin_max/ios"

SPEC CHECKSUMS:
  AppLovinSDK: 2b7b5ba1f8523455b66d247f2a37c62354241283
  Flutter: 50d75fe2f02b26cc09d224853bb45737f8b3214a
  flutter_applovin_max: 396189a0b73c26b28ad61b9f91611426a03ef83e

PODFILE CHECKSUM: 6fdd8a8a766b9af82ee9dcd89b2adc9144e2b847

COCOAPODS: 1.11.2
